// !$*UTF8*$!
{
	archiveVersion = 1;
	classes = {
	};
	objectVersion = 50;
	objects = {

/* Begin PBXBuildFile section */
		4F531955225FBD000031A811 /* AppDelegate.swift in Sources */ = {isa = PBXBuildFile; fileRef = 4F531954225FBD000031A811 /* AppDelegate.swift */; };
		4F531957225FBD000031A811 /* ViewController.swift in Sources */ = {isa = PBXBuildFile; fileRef = 4F531956225FBD000031A811 /* ViewController.swift */; };
		4F53195A225FBD000031A811 /* Main.storyboard in Resources */ = {isa = PBXBuildFile; fileRef = 4F531958225FBD000031A811 /* Main.storyboard */; };
		4F53195C225FBD010031A811 /* Assets.xcassets in Resources */ = {isa = PBXBuildFile; fileRef = 4F53195B225FBD010031A811 /* Assets.xcassets */; };
		4F53195F225FBD010031A811 /* LaunchScreen.storyboard in Resources */ = {isa = PBXBuildFile; fileRef = 4F53195D225FBD010031A811 /* LaunchScreen.storyboard */; };
		4F53196A225FBD010031A811 /* SeekrTests.swift in Sources */ = {isa = PBXBuildFile; fileRef = 4F531969225FBD010031A811 /* SeekrTests.swift */; };
		4F531975225FBD010031A811 /* SeekrUITests.swift in Sources */ = {isa = PBXBuildFile; fileRef = 4F531974225FBD010031A811 /* SeekrUITests.swift */; };
		4F531983225FBEB70031A811 /* VC_Login.swift in Sources */ = {isa = PBXBuildFile; fileRef = 4F531982225FBEB70031A811 /* VC_Login.swift */; };
		4F531987225FC6250031A811 /* VC_Create_Account.swift in Sources */ = {isa = PBXBuildFile; fileRef = 4F531986225FC6250031A811 /* VC_Create_Account.swift */; };
		4F53198B225FDF190031A811 /* UFX_Database.swift in Sources */ = {isa = PBXBuildFile; fileRef = 4F53198A225FDF190031A811 /* UFX_Database.swift */; };
/* End PBXBuildFile section */

/* Begin PBXContainerItemProxy section */
		4F531966225FBD010031A811 /* PBXContainerItemProxy */ = {
			isa = PBXContainerItemProxy;
			containerPortal = 4F531949225FBD000031A811 /* Project object */;
			proxyType = 1;
			remoteGlobalIDString = 4F531950225FBD000031A811;
			remoteInfo = Seekr;
		};
		4F531971225FBD010031A811 /* PBXContainerItemProxy */ = {
			isa = PBXContainerItemProxy;
			containerPortal = 4F531949225FBD000031A811 /* Project object */;
			proxyType = 1;
			remoteGlobalIDString = 4F531950225FBD000031A811;
			remoteInfo = Seekr;
		};
/* End PBXContainerItemProxy section */

/* Begin PBXFileReference section */
		4F531951225FBD000031A811 /* Seekr.app */ = {isa = PBXFileReference; explicitFileType = wrapper.application; includeInIndex = 0; path = Seekr.app; sourceTree = BUILT_PRODUCTS_DIR; };
		4F531954225FBD000031A811 /* AppDelegate.swift */ = {isa = PBXFileReference; lastKnownFileType = sourcecode.swift; path = AppDelegate.swift; sourceTree = "<group>"; };
		4F531956225FBD000031A811 /* ViewController.swift */ = {isa = PBXFileReference; lastKnownFileType = sourcecode.swift; path = ViewController.swift; sourceTree = "<group>"; };
		4F531959225FBD000031A811 /* Base */ = {isa = PBXFileReference; lastKnownFileType = file.storyboard; name = Base; path = Base.lproj/Main.storyboard; sourceTree = "<group>"; };
		4F53195B225FBD010031A811 /* Assets.xcassets */ = {isa = PBXFileReference; lastKnownFileType = folder.assetcatalog; path = Assets.xcassets; sourceTree = "<group>"; };
		4F53195E225FBD010031A811 /* Base */ = {isa = PBXFileReference; lastKnownFileType = file.storyboard; name = Base; path = Base.lproj/LaunchScreen.storyboard; sourceTree = "<group>"; };
		4F531960225FBD010031A811 /* Info.plist */ = {isa = PBXFileReference; lastKnownFileType = text.plist.xml; path = Info.plist; sourceTree = "<group>"; };
		4F531965225FBD010031A811 /* SeekrTests.xctest */ = {isa = PBXFileReference; explicitFileType = wrapper.cfbundle; includeInIndex = 0; path = SeekrTests.xctest; sourceTree = BUILT_PRODUCTS_DIR; };
		4F531969225FBD010031A811 /* SeekrTests.swift */ = {isa = PBXFileReference; lastKnownFileType = sourcecode.swift; path = SeekrTests.swift; sourceTree = "<group>"; };
		4F53196B225FBD010031A811 /* Info.plist */ = {isa = PBXFileReference; lastKnownFileType = text.plist.xml; path = Info.plist; sourceTree = "<group>"; };
		4F531970225FBD010031A811 /* SeekrUITests.xctest */ = {isa = PBXFileReference; explicitFileType = wrapper.cfbundle; includeInIndex = 0; path = SeekrUITests.xctest; sourceTree = BUILT_PRODUCTS_DIR; };
		4F531974225FBD010031A811 /* SeekrUITests.swift */ = {isa = PBXFileReference; lastKnownFileType = sourcecode.swift; path = SeekrUITests.swift; sourceTree = "<group>"; };
		4F531976225FBD010031A811 /* Info.plist */ = {isa = PBXFileReference; lastKnownFileType = text.plist.xml; path = Info.plist; sourceTree = "<group>"; };
		4F531982225FBEB70031A811 /* VC_Login.swift */ = {isa = PBXFileReference; lastKnownFileType = sourcecode.swift; path = VC_Login.swift; sourceTree = "<group>"; };
		4F531986225FC6250031A811 /* VC_Create_Account.swift */ = {isa = PBXFileReference; lastKnownFileType = sourcecode.swift; path = VC_Create_Account.swift; sourceTree = "<group>"; };
		4F53198A225FDF190031A811 /* UFX_Database.swift */ = {isa = PBXFileReference; lastKnownFileType = sourcecode.swift; path = UFX_Database.swift; sourceTree = "<group>"; };
/* End PBXFileReference section */

/* Begin PBXFrameworksBuildPhase section */
		4F53194E225FBD000031A811 /* Frameworks */ = {
			isa = PBXFrameworksBuildPhase;
			buildActionMask = 2147483647;
			files = (
			);
			runOnlyForDeploymentPostprocessing = 0;
		};
		4F531962225FBD010031A811 /* Frameworks */ = {
			isa = PBXFrameworksBuildPhase;
			buildActionMask = 2147483647;
			files = (
			);
			runOnlyForDeploymentPostprocessing = 0;
		};
		4F53196D225FBD010031A811 /* Frameworks */ = {
			isa = PBXFrameworksBuildPhase;
			buildActionMask = 2147483647;
			files = (
			);
			runOnlyForDeploymentPostprocessing = 0;
		};
/* End PBXFrameworksBuildPhase section */

/* Begin PBXGroup section */
		4F531948225FBD000031A811 = {
			isa = PBXGroup;
			children = (
				4F531953225FBD000031A811 /* Seekr */,
				4F531968225FBD010031A811 /* SeekrTests */,
				4F531973225FBD010031A811 /* SeekrUITests */,
				4F531952225FBD000031A811 /* Products */,
			);
			sourceTree = "<group>";
		};
		4F531952225FBD000031A811 /* Products */ = {
			isa = PBXGroup;
			children = (
				4F531951225FBD000031A811 /* Seekr.app */,
				4F531965225FBD010031A811 /* SeekrTests.xctest */,
				4F531970225FBD010031A811 /* SeekrUITests.xctest */,
			);
			name = Products;
			sourceTree = "<group>";
		};
		4F531953225FBD000031A811 /* Seekr */ = {
			isa = PBXGroup;
			children = (
				4F531954225FBD000031A811 /* AppDelegate.swift */,
				4F531956225FBD000031A811 /* ViewController.swift */,
				4F531982225FBEB70031A811 /* VC_Login.swift */,
				4F531986225FC6250031A811 /* VC_Create_Account.swift */,
				4F531958225FBD000031A811 /* Main.storyboard */,
				4F53195B225FBD010031A811 /* Assets.xcassets */,
				4F53195D225FBD010031A811 /* LaunchScreen.storyboard */,
				4F531960225FBD010031A811 /* Info.plist */,
				4F53198A225FDF190031A811 /* UFX_Database.swift */,
			);
			path = Seekr;
			sourceTree = "<group>";
		};
		4F531968225FBD010031A811 /* SeekrTests */ = {
			isa = PBXGroup;
			children = (
				4F531969225FBD010031A811 /* SeekrTests.swift */,
				4F53196B225FBD010031A811 /* Info.plist */,
			);
			path = SeekrTests;
			sourceTree = "<group>";
		};
		4F531973225FBD010031A811 /* SeekrUITests */ = {
			isa = PBXGroup;
			children = (
				4F531974225FBD010031A811 /* SeekrUITests.swift */,
				4F531976225FBD010031A811 /* Info.plist */,
			);
			path = SeekrUITests;
			sourceTree = "<group>";
		};
/* End PBXGroup section */

/* Begin PBXNativeTarget section */
		4F531950225FBD000031A811 /* Seekr */ = {
			isa = PBXNativeTarget;
			buildConfigurationList = 4F531979225FBD010031A811 /* Build configuration list for PBXNativeTarget "Seekr" */;
			buildPhases = (
				4F53194D225FBD000031A811 /* Sources */,
				4F53194E225FBD000031A811 /* Frameworks */,
				4F53194F225FBD000031A811 /* Resources */,
			);
			buildRules = (
			);
			dependencies = (
			);
			name = Seekr;
			productName = Seekr;
			productReference = 4F531951225FBD000031A811 /* Seekr.app */;
			productType = "com.apple.product-type.application";
		};
		4F531964225FBD010031A811 /* SeekrTests */ = {
			isa = PBXNativeTarget;
			buildConfigurationList = 4F53197C225FBD010031A811 /* Build configuration list for PBXNativeTarget "SeekrTests" */;
			buildPhases = (
				4F531961225FBD010031A811 /* Sources */,
				4F531962225FBD010031A811 /* Frameworks */,
				4F531963225FBD010031A811 /* Resources */,
			);
			buildRules = (
			);
			dependencies = (
				4F531967225FBD010031A811 /* PBXTargetDependency */,
			);
			name = SeekrTests;
			productName = SeekrTests;
			productReference = 4F531965225FBD010031A811 /* SeekrTests.xctest */;
			productType = "com.apple.product-type.bundle.unit-test";
		};
		4F53196F225FBD010031A811 /* SeekrUITests */ = {
			isa = PBXNativeTarget;
			buildConfigurationList = 4F53197F225FBD010031A811 /* Build configuration list for PBXNativeTarget "SeekrUITests" */;
			buildPhases = (
				4F53196C225FBD010031A811 /* Sources */,
				4F53196D225FBD010031A811 /* Frameworks */,
				4F53196E225FBD010031A811 /* Resources */,
			);
			buildRules = (
			);
			dependencies = (
				4F531972225FBD010031A811 /* PBXTargetDependency */,
			);
			name = SeekrUITests;
			productName = SeekrUITests;
			productReference = 4F531970225FBD010031A811 /* SeekrUITests.xctest */;
			productType = "com.apple.product-type.bundle.ui-testing";
		};
/* End PBXNativeTarget section */

/* Begin PBXProject section */
		4F531949225FBD000031A811 /* Project object */ = {
			isa = PBXProject;
			attributes = {
				LastSwiftUpdateCheck = 0940;
				LastUpgradeCheck = 0940;
				ORGANIZATIONNAME = "Jensen Cody P.";
				TargetAttributes = {
					4F531950225FBD000031A811 = {
						CreatedOnToolsVersion = 9.4.1;
					};
					4F531964225FBD010031A811 = {
						CreatedOnToolsVersion = 9.4.1;
						TestTargetID = 4F531950225FBD000031A811;
					};
					4F53196F225FBD010031A811 = {
						CreatedOnToolsVersion = 9.4.1;
						TestTargetID = 4F531950225FBD000031A811;
					};
				};
			};
			buildConfigurationList = 4F53194C225FBD000031A811 /* Build configuration list for PBXProject "Seekr" */;
			compatibilityVersion = "Xcode 9.3";
			developmentRegion = en;
			hasScannedForEncodings = 0;
			knownRegions = (
				en,
				Base,
			);
			mainGroup = 4F531948225FBD000031A811;
			productRefGroup = 4F531952225FBD000031A811 /* Products */;
			projectDirPath = "";
			projectRoot = "";
			targets = (
				4F531950225FBD000031A811 /* Seekr */,
				4F531964225FBD010031A811 /* SeekrTests */,
				4F53196F225FBD010031A811 /* SeekrUITests */,
			);
		};
/* End PBXProject section */

/* Begin PBXResourcesBuildPhase section */
		4F53194F225FBD000031A811 /* Resources */ = {
			isa = PBXResourcesBuildPhase;
			buildActionMask = 2147483647;
			files = (
				4F53195F225FBD010031A811 /* LaunchScreen.storyboard in Resources */,
				4F53195C225FBD010031A811 /* Assets.xcassets in Resources */,
				4F53195A225FBD000031A811 /* Main.storyboard in Resources */,
			);
			runOnlyForDeploymentPostprocessing = 0;
		};
		4F531963225FBD010031A811 /* Resources */ = {
			isa = PBXResourcesBuildPhase;
			buildActionMask = 2147483647;
			files = (
			);
			runOnlyForDeploymentPostprocessing = 0;
		};
		4F53196E225FBD010031A811 /* Resources */ = {
			isa = PBXResourcesBuildPhase;
			buildActionMask = 2147483647;
			files = (
			);
			runOnlyForDeploymentPostprocessing = 0;
		};
/* End PBXResourcesBuildPhase section */

/* Begin PBXSourcesBuildPhase section */
		4F53194D225FBD000031A811 /* Sources */ = {
			isa = PBXSourcesBuildPhase;
			buildActionMask = 2147483647;
			files = (
				4F531957225FBD000031A811 /* ViewController.swift in Sources */,
				4F531983225FBEB70031A811 /* VC_Login.swift in Sources */,
				4F531987225FC6250031A811 /* VC_Create_Account.swift in Sources */,
				4F53198B225FDF190031A811 /* UFX_Database.swift in Sources */,
				4F531955225FBD000031A811 /* AppDelegate.swift in Sources */,
			);
			runOnlyForDeploymentPostprocessing = 0;
		};
		4F531961225FBD010031A811 /* Sources */ = {
			isa = PBXSourcesBuildPhase;
			buildActionMask = 2147483647;
			files = (
				4F53196A225FBD010031A811 /* SeekrTests.swift in Sources */,
			);
			runOnlyForDeploymentPostprocessing = 0;
		};
		4F53196C225FBD010031A811 /* Sources */ = {
			isa = PBXSourcesBuildPhase;
			buildActionMask = 2147483647;
			files = (
				4F531975225FBD010031A811 /* SeekrUITests.swift in Sources */,
			);
			runOnlyForDeploymentPostprocessing = 0;
		};
/* End PBXSourcesBuildPhase section */

/* Begin PBXTargetDependency section */
		4F531967225FBD010031A811 /* PBXTargetDependency */ = {
			isa = PBXTargetDependency;
			target = 4F531950225FBD000031A811 /* Seekr */;
			targetProxy = 4F531966225FBD010031A811 /* PBXContainerItemProxy */;
		};
		4F531972225FBD010031A811 /* PBXTargetDependency */ = {
			isa = PBXTargetDependency;
			target = 4F531950225FBD000031A811 /* Seekr */;
			targetProxy = 4F531971225FBD010031A811 /* PBXContainerItemProxy */;
		};
/* End PBXTargetDependency section */

/* Begin PBXVariantGroup section */
		4F531958225FBD000031A811 /* Main.storyboard */ = {
			isa = PBXVariantGroup;
			children = (
				4F531959225FBD000031A811 /* Base */,
			);
			name = Main.storyboard;
			sourceTree = "<group>";
		};
		4F53195D225FBD010031A811 /* LaunchScreen.storyboard */ = {
			isa = PBXVariantGroup;
			children = (
				4F53195E225FBD010031A811 /* Base */,
			);
			name = LaunchScreen.storyboard;
			sourceTree = "<group>";
		};
/* End PBXVariantGroup section */

/* Begin XCBuildConfiguration section */
		4F531977225FBD010031A811 /* Debug */ = {
			isa = XCBuildConfiguration;
			buildSettings = {
				ALWAYS_SEARCH_USER_PATHS = NO;
				CLANG_ANALYZER_NONNULL = YES;
				CLANG_ANALYZER_NUMBER_OBJECT_CONVERSION = YES_AGGRESSIVE;
				CLANG_CXX_LANGUAGE_STANDARD = "gnu++14";
				CLANG_CXX_LIBRARY = "libc++";
				CLANG_ENABLE_MODULES = YES;
				CLANG_ENABLE_OBJC_ARC = YES;
				CLANG_ENABLE_OBJC_WEAK = YES;
				CLANG_WARN_BLOCK_CAPTURE_AUTORELEASING = YES;
				CLANG_WARN_BOOL_CONVERSION = YES;
				CLANG_WARN_COMMA = YES;
				CLANG_WARN_CONSTANT_CONVERSION = YES;
				CLANG_WARN_DEPRECATED_OBJC_IMPLEMENTATIONS = YES;
				CLANG_WARN_DIRECT_OBJC_ISA_USAGE = YES_ERROR;
				CLANG_WARN_DOCUMENTATION_COMMENTS = YES;
				CLANG_WARN_EMPTY_BODY = YES;
				CLANG_WARN_ENUM_CONVERSION = YES;
				CLANG_WARN_INFINITE_RECURSION = YES;
				CLANG_WARN_INT_CONVERSION = YES;
				CLANG_WARN_NON_LITERAL_NULL_CONVERSION = YES;
				CLANG_WARN_OBJC_IMPLICIT_RETAIN_SELF = YES;
				CLANG_WARN_OBJC_LITERAL_CONVERSION = YES;
				CLANG_WARN_OBJC_ROOT_CLASS = YES_ERROR;
				CLANG_WARN_RANGE_LOOP_ANALYSIS = YES;
				CLANG_WARN_STRICT_PROTOTYPES = YES;
				CLANG_WARN_SUSPICIOUS_MOVE = YES;
				CLANG_WARN_UNGUARDED_AVAILABILITY = YES_AGGRESSIVE;
				CLANG_WARN_UNREACHABLE_CODE = YES;
				CLANG_WARN__DUPLICATE_METHOD_MATCH = YES;
				CODE_SIGN_IDENTITY = "iPhone Developer";
				COPY_PHASE_STRIP = NO;
				DEBUG_INFORMATION_FORMAT = dwarf;
				ENABLE_STRICT_OBJC_MSGSEND = YES;
				ENABLE_TESTABILITY = YES;
				GCC_C_LANGUAGE_STANDARD = gnu11;
				GCC_DYNAMIC_NO_PIC = NO;
				GCC_NO_COMMON_BLOCKS = YES;
				GCC_OPTIMIZATION_LEVEL = 0;
				GCC_PREPROCESSOR_DEFINITIONS = (
					"DEBUG=1",
					"$(inherited)",
				);
				GCC_WARN_64_TO_32_BIT_CONVERSION = YES;
				GCC_WARN_ABOUT_RETURN_TYPE = YES_ERROR;
				GCC_WARN_UNDECLARED_SELECTOR = YES;
				GCC_WARN_UNINITIALIZED_AUTOS = YES_AGGRESSIVE;
				GCC_WARN_UNUSED_FUNCTION = YES;
				GCC_WARN_UNUSED_VARIABLE = YES;
				IPHONEOS_DEPLOYMENT_TARGET = 11.4;
				MTL_ENABLE_DEBUG_INFO = YES;
				ONLY_ACTIVE_ARCH = YES;
				SDKROOT = iphoneos;
				SWIFT_ACTIVE_COMPILATION_CONDITIONS = DEBUG;
				SWIFT_OPTIMIZATION_LEVEL = "-Onone";
			};
			name = Debug;
		};
		4F531978225FBD010031A811 /* Release */ = {
			isa = XCBuildConfiguration;
			buildSettings = {
				ALWAYS_SEARCH_USER_PATHS = NO;
				CLANG_ANALYZER_NONNULL = YES;
				CLANG_ANALYZER_NUMBER_OBJECT_CONVERSION = YES_AGGRESSIVE;
				CLANG_CXX_LANGUAGE_STANDARD = "gnu++14";
				CLANG_CXX_LIBRARY = "libc++";
				CLANG_ENABLE_MODULES = YES;
				CLANG_ENABLE_OBJC_ARC = YES;
				CLANG_ENABLE_OBJC_WEAK = YES;
				CLANG_WARN_BLOCK_CAPTURE_AUTORELEASING = YES;
				CLANG_WARN_BOOL_CONVERSION = YES;
				CLANG_WARN_COMMA = YES;
				CLANG_WARN_CONSTANT_CONVERSION = YES;
				CLANG_WARN_DEPRECATED_OBJC_IMPLEMENTATIONS = YES;
				CLANG_WARN_DIRECT_OBJC_ISA_USAGE = YES_ERROR;
				CLANG_WARN_DOCUMENTATION_COMMENTS = YES;
				CLANG_WARN_EMPTY_BODY = YES;
				CLANG_WARN_ENUM_CONVERSION = YES;
				CLANG_WARN_INFINITE_RECURSION = YES;
				CLANG_WARN_INT_CONVERSION = YES;
				CLANG_WARN_NON_LITERAL_NULL_CONVERSION = YES;
				CLANG_WARN_OBJC_IMPLICIT_RETAIN_SELF = YES;
				CLANG_WARN_OBJC_LITERAL_CONVERSION = YES;
				CLANG_WARN_OBJC_ROOT_CLASS = YES_ERROR;
				CLANG_WARN_RANGE_LOOP_ANALYSIS = YES;
				CLANG_WARN_STRICT_PROTOTYPES = YES;
				CLANG_WARN_SUSPICIOUS_MOVE = YES;
				CLANG_WARN_UNGUARDED_AVAILABILITY = YES_AGGRESSIVE;
				CLANG_WARN_UNREACHABLE_CODE = YES;
				CLANG_WARN__DUPLICATE_METHOD_MATCH = YES;
				CODE_SIGN_IDENTITY = "iPhone Developer";
				COPY_PHASE_STRIP = NO;
				DEBUG_INFORMATION_FORMAT = "dwarf-with-dsym";
				ENABLE_NS_ASSERTIONS = NO;
				ENABLE_STRICT_OBJC_MSGSEND = YES;
				GCC_C_LANGUAGE_STANDARD = gnu11;
				GCC_NO_COMMON_BLOCKS = YES;
				GCC_WARN_64_TO_32_BIT_CONVERSION = YES;
				GCC_WARN_ABOUT_RETURN_TYPE = YES_ERROR;
				GCC_WARN_UNDECLARED_SELECTOR = YES;
				GCC_WARN_UNINITIALIZED_AUTOS = YES_AGGRESSIVE;
				GCC_WARN_UNUSED_FUNCTION = YES;
				GCC_WARN_UNUSED_VARIABLE = YES;
				IPHONEOS_DEPLOYMENT_TARGET = 11.4;
				MTL_ENABLE_DEBUG_INFO = NO;
				SDKROOT = iphoneos;
				SWIFT_COMPILATION_MODE = wholemodule;
				SWIFT_OPTIMIZATION_LEVEL = "-O";
				VALIDATE_PRODUCT = YES;
			};
			name = Release;
		};
		4F53197A225FBD010031A811 /* Debug */ = {
			isa = XCBuildConfiguration;
			buildSettings = {
				ASSETCATALOG_COMPILER_APPICON_NAME = AppIcon;
				CODE_SIGN_STYLE = Automatic;
				INFOPLIST_FILE = Seekr/Info.plist;
				LD_RUNPATH_SEARCH_PATHS = (
					"$(inherited)",
					"@executable_path/Frameworks",
				);
				PRODUCT_BUNDLE_IDENTIFIER = y.Seekr;
				PRODUCT_NAME = "$(TARGET_NAME)";
				SWIFT_VERSION = 4.0;
				TARGETED_DEVICE_FAMILY = "1,2";
			};
			name = Debug;
		};
		4F53197B225FBD010031A811 /* Release */ = {
			isa = XCBuildConfiguration;
			buildSettings = {
				ASSETCATALOG_COMPILER_APPICON_NAME = AppIcon;
				CODE_SIGN_STYLE = Automatic;
				INFOPLIST_FILE = Seekr/Info.plist;
				LD_RUNPATH_SEARCH_PATHS = (
					"$(inherited)",
					"@executable_path/Frameworks",
				);
				PRODUCT_BUNDLE_IDENTIFIER = y.Seekr;
				PRODUCT_NAME = "$(TARGET_NAME)";
				SWIFT_VERSION = 4.0;
				TARGETED_DEVICE_FAMILY = "1,2";
			};
			name = Release;
		};
		4F53197D225FBD010031A811 /* Debug */ = {
			isa = XCBuildConfiguration;
			buildSettings = {
				ALWAYS_EMBED_SWIFT_STANDARD_LIBRARIES = YES;
				BUNDLE_LOADER = "$(TEST_HOST)";
				CODE_SIGN_STYLE = Automatic;
				INFOPLIST_FILE = SeekrTests/Info.plist;
				LD_RUNPATH_SEARCH_PATHS = (
					"$(inherited)",
					"@executable_path/Frameworks",
					"@loader_path/Frameworks",
				);
				PRODUCT_BUNDLE_IDENTIFIER = y.SeekrTests;
				PRODUCT_NAME = "$(TARGET_NAME)";
				SWIFT_VERSION = 4.0;
				TARGETED_DEVICE_FAMILY = "1,2";
				TEST_HOST = "$(BUILT_PRODUCTS_DIR)/Seekr.app/Seekr";
			};
			name = Debug;
		};
		4F53197E225FBD010031A811 /* Release */ = {
			isa = XCBuildConfiguration;
			buildSettings = {
				ALWAYS_EMBED_SWIFT_STANDARD_LIBRARIES = YES;
				BUNDLE_LOADER = "$(TEST_HOST)";
				CODE_SIGN_STYLE = Automatic;
				INFOPLIST_FILE = SeekrTests/Info.plist;
				LD_RUNPATH_SEARCH_PATHS = (
					"$(inherited)",
					"@executable_path/Frameworks",
					"@loader_path/Frameworks",
				);
				PRODUCT_BUNDLE_IDENTIFIER = y.SeekrTests;
				PRODUCT_NAME = "$(TARGET_NAME)";
				SWIFT_VERSION = 4.0;
				TARGETED_DEVICE_FAMILY = "1,2";
				TEST_HOST = "$(BUILT_PRODUCTS_DIR)/Seekr.app/Seekr";
			};
			name = Release;
		};
		4F531980225FBD010031A811 /* Debug */ = {
			isa = XCBuildConfiguration;
			buildSettings = {
				ALWAYS_EMBED_SWIFT_STANDARD_LIBRARIES = YES;
				CODE_SIGN_STYLE = Automatic;
				INFOPLIST_FILE = SeekrUITests/Info.plist;
				LD_RUNPATH_SEARCH_PATHS = (
					"$(inherited)",
					"@executable_path/Frameworks",
					"@loader_path/Frameworks",
				);
				PRODUCT_BUNDLE_IDENTIFIER = y.SeekrUITests;
				PRODUCT_NAME = "$(TARGET_NAME)";
				SWIFT_VERSION = 4.0;
				TARGETED_DEVICE_FAMILY = "1,2";
				TEST_TARGET_NAME = Seekr;
			};
			name = Debug;
		};
		4F531981225FBD010031A811 /* Release */ = {
			isa = XCBuildConfiguration;
			buildSettings = {
				ALWAYS_EMBED_SWIFT_STANDARD_LIBRARIES = YES;
				CODE_SIGN_STYLE = Automatic;
				INFOPLIST_FILE = SeekrUITests/Info.plist;
				LD_RUNPATH_SEARCH_PATHS = (
					"$(inherited)",
					"@executable_path/Frameworks",
					"@loader_path/Frameworks",
				);
				PRODUCT_BUNDLE_IDENTIFIER = y.SeekrUITests;
				PRODUCT_NAME = "$(TARGET_NAME)";
				SWIFT_VERSION = 4.0;
				TARGETED_DEVICE_FAMILY = "1,2";
				TEST_TARGET_NAME = Seekr;
			};
			name = Release;
		};
/* End XCBuildConfiguration section */

/* Begin XCConfigurationList section */
		4F53194C225FBD000031A811 /* Build configuration list for PBXProject "Seekr" */ = {
			isa = XCConfigurationList;
			buildConfigurations = (
				4F531977225FBD010031A811 /* Debug */,
				4F531978225FBD010031A811 /* Release */,
			);
			defaultConfigurationIsVisible = 0;
			defaultConfigurationName = Release;
		};
		4F531979225FBD010031A811 /* Build configuration list for PBXNativeTarget "Seekr" */ = {
			isa = XCConfigurationList;
			buildConfigurations = (
				4F53197A225FBD010031A811 /* Debug */,
				4F53197B225FBD010031A811 /* Release */,
			);
			defaultConfigurationIsVisible = 0;
			defaultConfigurationName = Release;
		};
		4F53197C225FBD010031A811 /* Build configuration list for PBXNativeTarget "SeekrTests" */ = {
			isa = XCConfigurationList;
			buildConfigurations = (
				4F53197D225FBD010031A811 /* Debug */,
				4F53197E225FBD010031A811 /* Release */,
			);
			defaultConfigurationIsVisible = 0;
			defaultConfigurationName = Release;
		};
		4F53197F225FBD010031A811 /* Build configuration list for PBXNativeTarget "SeekrUITests" */ = {
			isa = XCConfigurationList;
			buildConfigurations = (
				4F531980225FBD010031A811 /* Debug */,
				4F531981225FBD010031A811 /* Release */,
			);
			defaultConfigurationIsVisible = 0;
			defaultConfigurationName = Release;
		};
/* End XCConfigurationList section */
	};
	rootObject = 4F531949225FBD000031A811 /* Project object */;
}
